// !$*UTF8*$!
{
	archiveVersion = 1;
	classes = {
	};
	objectVersion = 50;
	objects = {

/* Begin PBXBuildFile section */
		95243D5126E88641000E12C5 /* SwiftUIPracticeApp.swift in Sources */ = {isa = PBXBuildFile; fileRef = 95243D5026E88641000E12C5 /* SwiftUIPracticeApp.swift */; };
		95243D5326E88641000E12C5 /* LandmarkList.swift in Sources */ = {isa = PBXBuildFile; fileRef = 95243D5226E88641000E12C5 /* LandmarkList.swift */; };
		95243D5526E88643000E12C5 /* Assets.xcassets in Resources */ = {isa = PBXBuildFile; fileRef = 95243D5426E88643000E12C5 /* Assets.xcassets */; };
		95243D5826E88643000E12C5 /* Preview Assets.xcassets in Resources */ = {isa = PBXBuildFile; fileRef = 95243D5726E88643000E12C5 /* Preview Assets.xcassets */; };
		95243D6126E886FE000E12C5 /* ModelData.swift in Sources */ = {isa = PBXBuildFile; fileRef = 95243D6026E886FE000E12C5 /* ModelData.swift */; };
		95243D6426E88C40000E12C5 /* landmarkData.json in Resources */ = {isa = PBXBuildFile; fileRef = 95243D6326E88C40000E12C5 /* landmarkData.json */; };
		95243D6726E88C62000E12C5 /* Landmark.swift in Sources */ = {isa = PBXBuildFile; fileRef = 95243D6626E88C62000E12C5 /* Landmark.swift */; };
		95243D6B26E88FFB000E12C5 /* landmarkRow.swift in Sources */ = {isa = PBXBuildFile; fileRef = 95243D6A26E88FFB000E12C5 /* landmarkRow.swift */; };
		95243D6F26E895AA000E12C5 /* landmarkDetailView.swift in Sources */ = {isa = PBXBuildFile; fileRef = 95243D6E26E895AA000E12C5 /* landmarkDetailView.swift */; };
		95243D7226E8980E000E12C5 /* MapView.swift in Sources */ = {isa = PBXBuildFile; fileRef = 95243D7126E8980E000E12C5 /* MapView.swift */; };
		95243D7526E8A6D3000E12C5 /* FavoriteBtn.swift in Sources */ = {isa = PBXBuildFile; fileRef = 95243D7426E8A6D3000E12C5 /* FavoriteBtn.swift */; };
		95243D7826E8B7B0000E12C5 /* CategoryRow.swift in Sources */ = {isa = PBXBuildFile; fileRef = 95243D7726E8B7B0000E12C5 /* CategoryRow.swift */; };
		95243D7B26E8BDFA000E12C5 /* CategoryItem.swift in Sources */ = {isa = PBXBuildFile; fileRef = 95243D7A26E8BDFA000E12C5 /* CategoryItem.swift */; };
		95243D7E26E8C331000E12C5 /* Course.swift in Sources */ = {isa = PBXBuildFile; fileRef = 95243D7D26E8C331000E12C5 /* Course.swift */; };
		95243D8126E8CA14000E12C5 /* Home.swift in Sources */ = {isa = PBXBuildFile; fileRef = 95243D8026E8CA14000E12C5 /* Home.swift */; };
/* End PBXBuildFile section */

/* Begin PBXFileReference section */
		95243D4D26E88641000E12C5 /* SwiftUIPractice.app */ = {isa = PBXFileReference; explicitFileType = wrapper.application; includeInIndex = 0; path = SwiftUIPractice.app; sourceTree = BUILT_PRODUCTS_DIR; };
		95243D5026E88641000E12C5 /* SwiftUIPracticeApp.swift */ = {isa = PBXFileReference; lastKnownFileType = sourcecode.swift; path = SwiftUIPracticeApp.swift; sourceTree = "<group>"; };
		95243D5226E88641000E12C5 /* LandmarkList.swift */ = {isa = PBXFileReference; lastKnownFileType = sourcecode.swift; path = LandmarkList.swift; sourceTree = "<group>"; };
		95243D5426E88643000E12C5 /* Assets.xcassets */ = {isa = PBXFileReference; lastKnownFileType = folder.assetcatalog; path = Assets.xcassets; sourceTree = "<group>"; };
		95243D5726E88643000E12C5 /* Preview Assets.xcassets */ = {isa = PBXFileReference; lastKnownFileType = folder.assetcatalog; path = "Preview Assets.xcassets"; sourceTree = "<group>"; };
		95243D5926E88643000E12C5 /* Info.plist */ = {isa = PBXFileReference; lastKnownFileType = text.plist.xml; path = Info.plist; sourceTree = "<group>"; };
		95243D6026E886FE000E12C5 /* ModelData.swift */ = {isa = PBXFileReference; lastKnownFileType = sourcecode.swift; path = ModelData.swift; sourceTree = "<group>"; };
		95243D6326E88C40000E12C5 /* landmarkData.json */ = {isa = PBXFileReference; fileEncoding = 4; lastKnownFileType = text.json; path = landmarkData.json; sourceTree = "<group>"; };
		95243D6626E88C62000E12C5 /* Landmark.swift */ = {isa = PBXFileReference; lastKnownFileType = sourcecode.swift; path = Landmark.swift; sourceTree = "<group>"; };
		95243D6A26E88FFB000E12C5 /* landmarkRow.swift */ = {isa = PBXFileReference; lastKnownFileType = sourcecode.swift; path = landmarkRow.swift; sourceTree = "<group>"; };
		95243D6E26E895AA000E12C5 /* landmarkDetailView.swift */ = {isa = PBXFileReference; lastKnownFileType = sourcecode.swift; path = landmarkDetailView.swift; sourceTree = "<group>"; };
		95243D7126E8980E000E12C5 /* MapView.swift */ = {isa = PBXFileReference; lastKnownFileType = sourcecode.swift; path = MapView.swift; sourceTree = "<group>"; };
		95243D7426E8A6D3000E12C5 /* FavoriteBtn.swift */ = {isa = PBXFileReference; lastKnownFileType = sourcecode.swift; path = FavoriteBtn.swift; sourceTree = "<group>"; };
		95243D7726E8B7B0000E12C5 /* CategoryRow.swift */ = {isa = PBXFileReference; lastKnownFileType = sourcecode.swift; path = CategoryRow.swift; sourceTree = "<group>"; };
		95243D7A26E8BDFA000E12C5 /* CategoryItem.swift */ = {isa = PBXFileReference; lastKnownFileType = sourcecode.swift; path = CategoryItem.swift; sourceTree = "<group>"; };
		95243D7D26E8C331000E12C5 /* Course.swift */ = {isa = PBXFileReference; lastKnownFileType = sourcecode.swift; path = Course.swift; sourceTree = "<group>"; };
		95243D8026E8CA14000E12C5 /* Home.swift */ = {isa = PBXFileReference; lastKnownFileType = sourcecode.swift; path = Home.swift; sourceTree = "<group>"; };
/* End PBXFileReference section */

/* Begin PBXFrameworksBuildPhase section */
		95243D4A26E88641000E12C5 /* Frameworks */ = {
			isa = PBXFrameworksBuildPhase;
			buildActionMask = 2147483647;
			files = (
			);
			runOnlyForDeploymentPostprocessing = 0;
		};
/* End PBXFrameworksBuildPhase section */

/* Begin PBXGroup section */
		95243D4426E88641000E12C5 = {
			isa = PBXGroup;
			children = (
				95243D4F26E88641000E12C5 /* SwiftUIPractice */,
				95243D4E26E88641000E12C5 /* Products */,
			);
			sourceTree = "<group>";
		};
		95243D4E26E88641000E12C5 /* Products */ = {
			isa = PBXGroup;
			children = (
				95243D4D26E88641000E12C5 /* SwiftUIPractice.app */,
			);
			name = Products;
			sourceTree = "<group>";
		};
		95243D4F26E88641000E12C5 /* SwiftUIPractice */ = {
			isa = PBXGroup;
			children = (
				95243D5026E88641000E12C5 /* SwiftUIPracticeApp.swift */,
				95243D8326E8CA36000E12C5 /* Views */,
				95243D6326E88C40000E12C5 /* landmarkData.json */,
				95243D5426E88643000E12C5 /* Assets.xcassets */,
				95243D5926E88643000E12C5 /* Info.plist */,
				95243D5626E88643000E12C5 /* Preview Content */,
				95243D6026E886FE000E12C5 /* ModelData.swift */,
				95243D6626E88C62000E12C5 /* Landmark.swift */,
				95243D7126E8980E000E12C5 /* MapView.swift */,
				95243D7426E8A6D3000E12C5 /* FavoriteBtn.swift */,
				95243D7D26E8C331000E12C5 /* Course.swift */,
			);
			path = SwiftUIPractice;
			sourceTree = "<group>";
		};
		95243D5626E88643000E12C5 /* Preview Content */ = {
			isa = PBXGroup;
			children = (
				95243D5726E88643000E12C5 /* Preview Assets.xcassets */,
			);
			path = "Preview Content";
			sourceTree = "<group>";
		};
		95243D8326E8CA36000E12C5 /* Views */ = {
			isa = PBXGroup;
			children = (
				95243D5226E88641000E12C5 /* LandmarkList.swift */,
				95243D6A26E88FFB000E12C5 /* landmarkRow.swift */,
				95243D6E26E895AA000E12C5 /* landmarkDetailView.swift */,
				95243D7726E8B7B0000E12C5 /* CategoryRow.swift */,
				95243D7A26E8BDFA000E12C5 /* CategoryItem.swift */,
				95243D8026E8CA14000E12C5 /* Home.swift */,
			);
			path = Views;
			sourceTree = "<group>";
		};
/* End PBXGroup section */

/* Begin PBXNativeTarget section */
		95243D4C26E88641000E12C5 /* SwiftUIPractice */ = {
			isa = PBXNativeTarget;
			buildConfigurationList = 95243D5C26E88643000E12C5 /* Build configuration list for PBXNativeTarget "SwiftUIPractice" */;
			buildPhases = (
				95243D4926E88641000E12C5 /* Sources */,
				95243D4A26E88641000E12C5 /* Frameworks */,
				95243D4B26E88641000E12C5 /* Resources */,
			);
			buildRules = (
			);
			dependencies = (
			);
			name = SwiftUIPractice;
			productName = SwiftUIPractice;
			productReference = 95243D4D26E88641000E12C5 /* SwiftUIPractice.app */;
			productType = "com.apple.product-type.application";
		};
/* End PBXNativeTarget section */

/* Begin PBXProject section */
		95243D4526E88641000E12C5 /* Project object */ = {
			isa = PBXProject;
			attributes = {
				LastSwiftUpdateCheck = 1240;
				LastUpgradeCheck = 1240;
				TargetAttributes = {
					95243D4C26E88641000E12C5 = {
						CreatedOnToolsVersion = 12.4;
					};
				};
			};
			buildConfigurationList = 95243D4826E88641000E12C5 /* Build configuration list for PBXProject "SwiftUIPractice" */;
			compatibilityVersion = "Xcode 9.3";
			developmentRegion = en;
			hasScannedForEncodings = 0;
			knownRegions = (
				en,
				Base,
			);
			mainGroup = 95243D4426E88641000E12C5;
			productRefGroup = 95243D4E26E88641000E12C5 /* Products */;
			projectDirPath = "";
			projectRoot = "";
			targets = (
				95243D4C26E88641000E12C5 /* SwiftUIPractice */,
			);
		};
/* End PBXProject section */

/* Begin PBXResourcesBuildPhase section */
		95243D4B26E88641000E12C5 /* Resources */ = {
			isa = PBXResourcesBuildPhase;
			buildActionMask = 2147483647;
			files = (
				95243D5826E88643000E12C5 /* Preview Assets.xcassets in Resources */,
				95243D5526E88643000E12C5 /* Assets.xcassets in Resources */,
				95243D6426E88C40000E12C5 /* landmarkData.json in Resources */,
			);
			runOnlyForDeploymentPostprocessing = 0;
		};
/* End PBXResourcesBuildPhase section */

/* Begin PBXSourcesBuildPhase section */
		95243D4926E88641000E12C5 /* Sources */ = {
			isa = PBXSourcesBuildPhase;
			buildActionMask = 2147483647;
			files = (
				95243D7526E8A6D3000E12C5 /* FavoriteBtn.swift in Sources */,
				95243D7E26E8C331000E12C5 /* Course.swift in Sources */,
				95243D7226E8980E000E12C5 /* MapView.swift in Sources */,
				95243D5326E88641000E12C5 /* LandmarkList.swift in Sources */,
				95243D6F26E895AA000E12C5 /* landmarkDetailView.swift in Sources */,
				95243D5126E88641000E12C5 /* SwiftUIPracticeApp.swift in Sources */,
				95243D6126E886FE000E12C5 /* ModelData.swift in Sources */,
				95243D6B26E88FFB000E12C5 /* landmarkRow.swift in Sources */,
				95243D7826E8B7B0000E12C5 /* CategoryRow.swift in Sources */,
				95243D7B26E8BDFA000E12C5 /* CategoryItem.swift in Sources */,
				95243D8126E8CA14000E12C5 /* Home.swift in Sources */,
				95243D6726E88C62000E12C5 /* Landmark.swift in Sources */,
			);
			runOnlyForDeploymentPostprocessing = 0;
		};
/* End PBXSourcesBuildPhase section */

/* Begin XCBuildConfiguration section */
		95243D5A26E88643000E12C5 /* Debug */ = {
			isa = XCBuildConfiguration;
			buildSettings = {
				ALWAYS_SEARCH_USER_PATHS = NO;
				CLANG_ANALYZER_NONNULL = YES;
				CLANG_ANALYZER_NUMBER_OBJECT_CONVERSION = YES_AGGRESSIVE;
				CLANG_CXX_LANGUAGE_STANDARD = "gnu++14";
				CLANG_CXX_LIBRARY = "libc++";
				CLANG_ENABLE_MODULES = YES;
				CLANG_ENABLE_OBJC_ARC = YES;
				CLANG_ENABLE_OBJC_WEAK = YES;
				CLANG_WARN_BLOCK_CAPTURE_AUTORELEASING = YES;
				CLANG_WARN_BOOL_CONVERSION = YES;
				CLANG_WARN_COMMA = YES;
				CLANG_WARN_CONSTANT_CONVERSION = YES;
				CLANG_WARN_DEPRECATED_OBJC_IMPLEMENTATIONS = YES;
				CLANG_WARN_DIRECT_OBJC_ISA_USAGE = YES_ERROR;
				CLANG_WARN_DOCUMENTATION_COMMENTS = YES;
				CLANG_WARN_EMPTY_BODY = YES;
				CLANG_WARN_ENUM_CONVERSION = YES;
				CLANG_WARN_INFINITE_RECURSION = YES;
				CLANG_WARN_INT_CONVERSION = YES;
				CLANG_WARN_NON_LITERAL_NULL_CONVERSION = YES;
				CLANG_WARN_OBJC_IMPLICIT_RETAIN_SELF = YES;
				CLANG_WARN_OBJC_LITERAL_CONVERSION = YES;
				CLANG_WARN_OBJC_ROOT_CLASS = YES_ERROR;
				CLANG_WARN_QUOTED_INCLUDE_IN_FRAMEWORK_HEADER = YES;
				CLANG_WARN_RANGE_LOOP_ANALYSIS = YES;
				CLANG_WARN_STRICT_PROTOTYPES = YES;
				CLANG_WARN_SUSPICIOUS_MOVE = YES;
				CLANG_WARN_UNGUARDED_AVAILABILITY = YES_AGGRESSIVE;
				CLANG_WARN_UNREACHABLE_CODE = YES;
				CLANG_WARN__DUPLICATE_METHOD_MATCH = YES;
				COPY_PHASE_STRIP = NO;
				DEBUG_INFORMATION_FORMAT = dwarf;
				ENABLE_STRICT_OBJC_MSGSEND = YES;
				ENABLE_TESTABILITY = YES;
				GCC_C_LANGUAGE_STANDARD = gnu11;
				GCC_DYNAMIC_NO_PIC = NO;
				GCC_NO_COMMON_BLOCKS = YES;
				GCC_OPTIMIZATION_LEVEL = 0;
				GCC_PREPROCESSOR_DEFINITIONS = (
					"DEBUG=1",
					"$(inherited)",
				);
				GCC_WARN_64_TO_32_BIT_CONVERSION = YES;
				GCC_WARN_ABOUT_RETURN_TYPE = YES_ERROR;
				GCC_WARN_UNDECLARED_SELECTOR = YES;
				GCC_WARN_UNINITIALIZED_AUTOS = YES_AGGRESSIVE;
				GCC_WARN_UNUSED_FUNCTION = YES;
				GCC_WARN_UNUSED_VARIABLE = YES;
				IPHONEOS_DEPLOYMENT_TARGET = 14.4;
				MTL_ENABLE_DEBUG_INFO = INCLUDE_SOURCE;
				MTL_FAST_MATH = YES;
				ONLY_ACTIVE_ARCH = YES;
				SDKROOT = iphoneos;
				SWIFT_ACTIVE_COMPILATION_CONDITIONS = DEBUG;
				SWIFT_OPTIMIZATION_LEVEL = "-Onone";
			};
			name = Debug;
		};
		95243D5B26E88643000E12C5 /* Release */ = {
			isa = XCBuildConfiguration;
			buildSettings = {
				ALWAYS_SEARCH_USER_PATHS = NO;
				CLANG_ANALYZER_NONNULL = YES;
				CLANG_ANALYZER_NUMBER_OBJECT_CONVERSION = YES_AGGRESSIVE;
				CLANG_CXX_LANGUAGE_STANDARD = "gnu++14";
				CLANG_CXX_LIBRARY = "libc++";
				CLANG_ENABLE_MODULES = YES;
				CLANG_ENABLE_OBJC_ARC = YES;
				CLANG_ENABLE_OBJC_WEAK = YES;
				CLANG_WARN_BLOCK_CAPTURE_AUTORELEASING = YES;
				CLANG_WARN_BOOL_CONVERSION = YES;
				CLANG_WARN_COMMA = YES;
				CLANG_WARN_CONSTANT_CONVERSION = YES;
				CLANG_WARN_DEPRECATED_OBJC_IMPLEMENTATIONS = YES;
				CLANG_WARN_DIRECT_OBJC_ISA_USAGE = YES_ERROR;
				CLANG_WARN_DOCUMENTATION_COMMENTS = YES;
				CLANG_WARN_EMPTY_BODY = YES;
				CLANG_WARN_ENUM_CONVERSION = YES;
				CLANG_WARN_INFINITE_RECURSION = YES;
				CLANG_WARN_INT_CONVERSION = YES;
				CLANG_WARN_NON_LITERAL_NULL_CONVERSION = YES;
				CLANG_WARN_OBJC_IMPLICIT_RETAIN_SELF = YES;
				CLANG_WARN_OBJC_LITERAL_CONVERSION = YES;
				CLANG_WARN_OBJC_ROOT_CLASS = YES_ERROR;
				CLANG_WARN_QUOTED_INCLUDE_IN_FRAMEWORK_HEADER = YES;
				CLANG_WARN_RANGE_LOOP_ANALYSIS = YES;
				CLANG_WARN_STRICT_PROTOTYPES = YES;
				CLANG_WARN_SUSPICIOUS_MOVE = YES;
				CLANG_WARN_UNGUARDED_AVAILABILITY = YES_AGGRESSIVE;
				CLANG_WARN_UNREACHABLE_CODE = YES;
				CLANG_WARN__DUPLICATE_METHOD_MATCH = YES;
				COPY_PHASE_STRIP = NO;
				DEBUG_INFORMATION_FORMAT = "dwarf-with-dsym";
				ENABLE_NS_ASSERTIONS = NO;
				ENABLE_STRICT_OBJC_MSGSEND = YES;
				GCC_C_LANGUAGE_STANDARD = gnu11;
				GCC_NO_COMMON_BLOCKS = YES;
				GCC_WARN_64_TO_32_BIT_CONVERSION = YES;
				GCC_WARN_ABOUT_RETURN_TYPE = YES_ERROR;
				GCC_WARN_UNDECLARED_SELECTOR = YES;
				GCC_WARN_UNINITIALIZED_AUTOS = YES_AGGRESSIVE;
				GCC_WARN_UNUSED_FUNCTION = YES;
				GCC_WARN_UNUSED_VARIABLE = YES;
				IPHONEOS_DEPLOYMENT_TARGET = 14.4;
				MTL_ENABLE_DEBUG_INFO = NO;
				MTL_FAST_MATH = YES;
				SDKROOT = iphoneos;
				SWIFT_COMPILATION_MODE = wholemodule;
				SWIFT_OPTIMIZATION_LEVEL = "-O";
				VALIDATE_PRODUCT = YES;
			};
			name = Release;
		};
		95243D5D26E88643000E12C5 /* Debug */ = {
			isa = XCBuildConfiguration;
			buildSettings = {
				ASSETCATALOG_COMPILER_APPICON_NAME = AppIcon;
				ASSETCATALOG_COMPILER_GLOBAL_ACCENT_COLOR_NAME = AccentColor;
				CODE_SIGN_STYLE = Automatic;
				DEVELOPMENT_ASSET_PATHS = "\"SwiftUIPractice/Preview Content\"";
				ENABLE_PREVIEWS = YES;
				INFOPLIST_FILE = SwiftUIPractice/Info.plist;
				IPHONEOS_DEPLOYMENT_TARGET = 14.0;
				LD_RUNPATH_SEARCH_PATHS = (
					"$(inherited)",
					"@executable_path/Frameworks",
				);
				PRODUCT_BUNDLE_IDENTIFIER = nextEducation.SwiftUIPractice;
				PRODUCT_NAME = "$(TARGET_NAME)";
				SWIFT_VERSION = 5.0;
				TARGETED_DEVICE_FAMILY = "1,2";
			};
			name = Debug;
		};
		95243D5E26E88643000E12C5 /* Release */ = {
			isa = XCBuildConfiguration;
			buildSettings = {
				ASSETCATALOG_COMPILER_APPICON_NAME = AppIcon;
				ASSETCATALOG_COMPILER_GLOBAL_ACCENT_COLOR_NAME = AccentColor;
				CODE_SIGN_STYLE = Automatic;
				DEVELOPMENT_ASSET_PATHS = "\"SwiftUIPractice/Preview Content\"";
				ENABLE_PREVIEWS = YES;
				INFOPLIST_FILE = SwiftUIPractice/Info.plist;
				IPHONEOS_DEPLOYMENT_TARGET = 14.0;
				LD_RUNPATH_SEARCH_PATHS = (
					"$(inherited)",
					"@executable_path/Frameworks",
				);
				PRODUCT_BUNDLE_IDENTIFIER = nextEducation.SwiftUIPractice;
				PRODUCT_NAME = "$(TARGET_NAME)";
				SWIFT_VERSION = 5.0;
				TARGETED_DEVICE_FAMILY = "1,2";
			};
			name = Release;
		};
/* End XCBuildConfiguration section */

/* Begin XCConfigurationList section */
		95243D4826E88641000E12C5 /* Build configuration list for PBXProject "SwiftUIPractice" */ = {
			isa = XCConfigurationList;
			buildConfigurations = (
				95243D5A26E88643000E12C5 /* Debug */,
				95243D5B26E88643000E12C5 /* Release */,
			);
			defaultConfigurationIsVisible = 0;
			defaultConfigurationName = Release;
		};
		95243D5C26E88643000E12C5 /* Build configuration list for PBXNativeTarget "SwiftUIPractice" */ = {
			isa = XCConfigurationList;
			buildConfigurations = (
				95243D5D26E88643000E12C5 /* Debug */,
				95243D5E26E88643000E12C5 /* Release */,
			);
			defaultConfigurationIsVisible = 0;
			defaultConfigurationName = Release;
		};
/* End XCConfigurationList section */
	};
	rootObject = 95243D4526E88641000E12C5 /* Project object */;
}
